
Microsoft Visual Studio Solution File, Format Version 12.00
# Visual Studio 14
VisualStudioVersion = 14.0.25123.0
MinimumVisualStudioVersion = 10.0.40219.1
Project("{FAE04EC0-301F-11D3-BF4B-00C04F79EFBC}") = "CsharpPractice", "CsharpPractice\CsharpPractice.csproj", "{044FE259-F68F-4E07-9744-B60371B6B56D}"
EndProject
Global
	GlobalSection(SolutionConfigurationPlatforms) = preSolution
		Debug|Any CPU = Debug|Any CPU
		Release|Any CPU = Release|Any CPU
	EndGlobalSection
	GlobalSection(ProjectConfigurationPlatforms) = postSolution
		{044FE259-F68F-4E07-9744-B60371B6B56D}.Debug|Any CPU.ActiveCfg = Debug|Any CPU
		{044FE259-F68F-4E07-9744-B60371B6B56D}.Debug|Any CPU.Build.0 = Debug|Any CPU
		{044FE259-F68F-4E07-9744-B60371B6B56D}.Release|Any CPU.ActiveCfg = Release|Any CPU
		{044FE259-F68F-4E07-9744-B60371B6B56D}.Release|Any CPU.Build.0 = Release|Any CPU
	EndGlobalSection
	GlobalSection(SolutionProperties) = preSolution
		HideSolutionNode = FALSE
	EndGlobalSection
EndGlobal
